
Microsoft Visual Studio Solution File, Format Version 12.00
# Visual Studio Version 17
VisualStudioVersion = 17.11.35312.102
MinimumVisualStudioVersion = 10.0.40219.1
Project("{9A19103F-16F7-4668-BE54-9A1E7A4F7556}") = "NeedForSpeed", "NeedForSpeed.csproj", "{C093ACAD-0C54-4576-A1DF-E9AFA34C32DC}"
EndProject
Global
	GlobalSection(SolutionConfigurationPlatforms) = preSolution
		Debug|Any CPU = Debug|Any CPU
		Release|Any CPU = Release|Any CPU
	EndGlobalSection
	GlobalSection(ProjectConfigurationPlatforms) = postSolution
		{C093ACAD-0C54-4576-A1DF-E9AFA34C32DC}.Debug|Any CPU.ActiveCfg = Debug|Any CPU
		{C093ACAD-0C54-4576-A1DF-E9AFA34C32DC}.Debug|Any CPU.Build.0 = Debug|Any CPU
		{C093ACAD-0C54-4576-A1DF-E9AFA34C32DC}.Release|Any CPU.ActiveCfg = Release|Any CPU
		{C093ACAD-0C54-4576-A1DF-E9AFA34C32DC}.Release|Any CPU.Build.0 = Release|Any CPU
	EndGlobalSection
	GlobalSection(SolutionProperties) = preSolution
		HideSolutionNode = FALSE
	EndGlobalSection
	GlobalSection(ExtensibilityGlobals) = postSolution
		SolutionGuid = {500A9F01-2887-43E1-A90D-F45E709E210A}
	EndGlobalSection
EndGlobal
