
Microsoft Visual Studio Solution File, Format Version 12.00
# Visual Studio Version 17
VisualStudioVersion = 17.11.35312.102
MinimumVisualStudioVersion = 10.0.40219.1
Project("{9A19103F-16F7-4668-BE54-9A1E7A4F7556}") = "WizardsAndWarriors", "WizardsAndWarriors.csproj", "{76D60E21-1208-47A2-A6A1-25EE78C1AD48}"
EndProject
Global
	GlobalSection(SolutionConfigurationPlatforms) = preSolution
		Debug|Any CPU = Debug|Any CPU
		Release|Any CPU = Release|Any CPU
	EndGlobalSection
	GlobalSection(ProjectConfigurationPlatforms) = postSolution
		{76D60E21-1208-47A2-A6A1-25EE78C1AD48}.Debug|Any CPU.ActiveCfg = Debug|Any CPU
		{76D60E21-1208-47A2-A6A1-25EE78C1AD48}.Debug|Any CPU.Build.0 = Debug|Any CPU
		{76D60E21-1208-47A2-A6A1-25EE78C1AD48}.Release|Any CPU.ActiveCfg = Release|Any CPU
		{76D60E21-1208-47A2-A6A1-25EE78C1AD48}.Release|Any CPU.Build.0 = Release|Any CPU
	EndGlobalSection
	GlobalSection(SolutionProperties) = preSolution
		HideSolutionNode = FALSE
	EndGlobalSection
	GlobalSection(ExtensibilityGlobals) = postSolution
		SolutionGuid = {5B9AEEBD-FC0F-4FF3-AECF-A9C8401888D1}
	EndGlobalSection
EndGlobal
